
Microsoft Visual Studio Solution File, Format Version 12.00
# Visual Studio Version 16
VisualStudioVersion = 16.0.31702.278
MinimumVisualStudioVersion = 10.0.40219.1
Project("{FAE04EC0-301F-11D3-BF4B-00C04F79EFBC}") = "ArabaGalarisiOrnek", "ArabaGalarisiOrnek\ArabaGalarisiOrnek.csproj", "{18331543-E469-4F6D-903D-E5C362EDBA11}"
EndProject
Global
	GlobalSection(SolutionConfigurationPlatforms) = preSolution
		Debug|Any CPU = Debug|Any CPU
		Release|Any CPU = Release|Any CPU
	EndGlobalSection
	GlobalSection(ProjectConfigurationPlatforms) = postSolution
		{18331543-E469-4F6D-903D-E5C362EDBA11}.Debug|Any CPU.ActiveCfg = Debug|Any CPU
		{18331543-E469-4F6D-903D-E5C362EDBA11}.Debug|Any CPU.Build.0 = Debug|Any CPU
		{18331543-E469-4F6D-903D-E5C362EDBA11}.Release|Any CPU.ActiveCfg = Release|Any CPU
		{18331543-E469-4F6D-903D-E5C362EDBA11}.Release|Any CPU.Build.0 = Release|Any CPU
	EndGlobalSection
	GlobalSection(SolutionProperties) = preSolution
		HideSolutionNode = FALSE
	EndGlobalSection
	GlobalSection(ExtensibilityGlobals) = postSolution
		SolutionGuid = {57EA9069-9A95-4938-99B1-4DB994F3560F}
	EndGlobalSection
EndGlobal
